Microsoft Visual Studio Solution File, Format Version 8.00
Project("{8BC9CEB8-8B4A-11D0-8D11-00A0C91BC942}") = "Server", "Server\Server.vcproj", "{B5240EAF-34CE-4192-996A-DBBEC017ECC8}"
	ProjectSection(ProjectDependencies) = postProject
	EndProjectSection
EndProject
Project("{8BC9CEB8-8B4A-11D0-8D11-00A0C91BC942}") = "Client", "Client\Client.vcproj", "{A817A11F-18E1-4DE7-9D67-E956A4CE0BF3}"
	ProjectSection(ProjectDependencies) = postProject
	EndProjectSection
EndProject
Global
	GlobalSection(SolutionConfiguration) = preSolution
		Debug = Debug
		Release = Release
	EndGlobalSection
	GlobalSection(ProjectConfiguration) = postSolution
		{B5240EAF-34CE-4192-996A-DBBEC017ECC8}.Debug.ActiveCfg = Debug|Win32
		{B5240EAF-34CE-4192-996A-DBBEC017ECC8}.Debug.Build.0 = Debug|Win32
		{B5240EAF-34CE-4192-996A-DBBEC017ECC8}.Release.ActiveCfg = Release|Win32
		{B5240EAF-34CE-4192-996A-DBBEC017ECC8}.Release.Build.0 = Release|Win32
		{A817A11F-18E1-4DE7-9D67-E956A4CE0BF3}.Debug.ActiveCfg = Debug|Win32
		{A817A11F-18E1-4DE7-9D67-E956A4CE0BF3}.Debug.Build.0 = Debug|Win32
		{A817A11F-18E1-4DE7-9D67-E956A4CE0BF3}.Release.ActiveCfg = Release|Win32
		{A817A11F-18E1-4DE7-9D67-E956A4CE0BF3}.Release.Build.0 = Release|Win32
	EndGlobalSection
	GlobalSection(ExtensibilityGlobals) = postSolution
	EndGlobalSection
	GlobalSection(ExtensibilityAddIns) = postSolution
	EndGlobalSection
EndGlobal
