Microsoft Visual Studio Solution File, Format Version 8.00
Project("{8BC9CEB8-8B4A-11D0-8D11-00A0C91BC942}") = "MatrixC", "MatrixCLib\MatrixC.vcproj", "{F1CAD832-6730-4FAE-B51F-1F20085DDA91}"
	ProjectSection(ProjectDependencies) = postProject
	EndProjectSection
EndProject
Project("{8BC9CEB8-8B4A-11D0-8D11-00A0C91BC942}") = "TestMatrixC", "TestMatrixC\TestMatrixC.vcproj", "{59E3AB0F-5AF2-4B03-AD5B-DC6A62975B80}"
	ProjectSection(ProjectDependencies) = postProject
		{F1CAD832-6730-4FAE-B51F-1F20085DDA91} = {F1CAD832-6730-4FAE-B51F-1F20085DDA91}
		{27EA7798-9A12-4EB5-ACC7-0F1BDF1DBE7C} = {27EA7798-9A12-4EB5-ACC7-0F1BDF1DBE7C}
	EndProjectSection
EndProject
Project("{8BC9CEB8-8B4A-11D0-8D11-00A0C91BC942}") = "ChatClient", "ChatClient\ChatClient.vcproj", "{654CF61B-27F1-4818-85F1-9E1CE1E21C55}"
	ProjectSection(ProjectDependencies) = postProject
		{F1CAD832-6730-4FAE-B51F-1F20085DDA91} = {F1CAD832-6730-4FAE-B51F-1F20085DDA91}
		{27EA7798-9A12-4EB5-ACC7-0F1BDF1DBE7C} = {27EA7798-9A12-4EB5-ACC7-0F1BDF1DBE7C}
	EndProjectSection
EndProject
Project("{8BC9CEB8-8B4A-11D0-8D11-00A0C91BC942}") = "WinsockWrapper", "..\..\WinsockWrapper\WinsockWrapper\WinsockWrapper.vcproj", "{27EA7798-9A12-4EB5-ACC7-0F1BDF1DBE7C}"
	ProjectSection(ProjectDependencies) = postProject
	EndProjectSection
EndProject
Global
	GlobalSection(SolutionConfiguration) = preSolution
		Debug = Debug
		Release = Release
	EndGlobalSection
	GlobalSection(ProjectConfiguration) = postSolution
		{F1CAD832-6730-4FAE-B51F-1F20085DDA91}.Debug.ActiveCfg = Debug|Win32
		{F1CAD832-6730-4FAE-B51F-1F20085DDA91}.Debug.Build.0 = Debug|Win32
		{F1CAD832-6730-4FAE-B51F-1F20085DDA91}.Release.ActiveCfg = Release|Win32
		{F1CAD832-6730-4FAE-B51F-1F20085DDA91}.Release.Build.0 = Release|Win32
		{59E3AB0F-5AF2-4B03-AD5B-DC6A62975B80}.Debug.ActiveCfg = Debug|Win32
		{59E3AB0F-5AF2-4B03-AD5B-DC6A62975B80}.Debug.Build.0 = Debug|Win32
		{59E3AB0F-5AF2-4B03-AD5B-DC6A62975B80}.Release.ActiveCfg = Release|Win32
		{59E3AB0F-5AF2-4B03-AD5B-DC6A62975B80}.Release.Build.0 = Release|Win32
		{654CF61B-27F1-4818-85F1-9E1CE1E21C55}.Debug.ActiveCfg = Debug|Win32
		{654CF61B-27F1-4818-85F1-9E1CE1E21C55}.Debug.Build.0 = Debug|Win32
		{654CF61B-27F1-4818-85F1-9E1CE1E21C55}.Release.ActiveCfg = Release|Win32
		{654CF61B-27F1-4818-85F1-9E1CE1E21C55}.Release.Build.0 = Release|Win32
		{27EA7798-9A12-4EB5-ACC7-0F1BDF1DBE7C}.Debug.ActiveCfg = Debug|Win32
		{27EA7798-9A12-4EB5-ACC7-0F1BDF1DBE7C}.Debug.Build.0 = Debug|Win32
		{27EA7798-9A12-4EB5-ACC7-0F1BDF1DBE7C}.Release.ActiveCfg = Release|Win32
		{27EA7798-9A12-4EB5-ACC7-0F1BDF1DBE7C}.Release.Build.0 = Release|Win32
	EndGlobalSection
	GlobalSection(ExtensibilityGlobals) = postSolution
	EndGlobalSection
	GlobalSection(ExtensibilityAddIns) = postSolution
	EndGlobalSection
EndGlobal
