
Microsoft Visual Studio Solution File, Format Version 9.00
# Visual Studio 2005
Project("{8BC9CEB8-8B4A-11D0-8D11-00A0C91BC942}") = "dsoframer", "dsoframer.vcproj", "{D39E8CA9-929D-4CF1-ACA5-28BEE4F8FBF9}"
EndProject
Global
	GlobalSection(SolutionConfigurationPlatforms) = preSolution
		Debug|Win32 = Debug|Win32
		Release|Win32 = Release|Win32
	EndGlobalSection
	GlobalSection(ProjectConfigurationPlatforms) = postSolution
		{D39E8CA9-929D-4CF1-ACA5-28BEE4F8FBF9}.Debug|Win32.ActiveCfg = Debug|Win32
		{D39E8CA9-929D-4CF1-ACA5-28BEE4F8FBF9}.Debug|Win32.Build.0 = Debug|Win32
		{D39E8CA9-929D-4CF1-ACA5-28BEE4F8FBF9}.Release|Win32.ActiveCfg = Release|Win32
		{D39E8CA9-929D-4CF1-ACA5-28BEE4F8FBF9}.Release|Win32.Build.0 = Release|Win32
	EndGlobalSection
	GlobalSection(SolutionProperties) = preSolution
		HideSolutionNode = FALSE
	EndGlobalSection
EndGlobal
